
Microsoft Visual Studio Solution File, Format Version 12.00
# Visual Studio Version 17
VisualStudioVersion = 17.4.33213.308
MinimumVisualStudioVersion = 10.0.40219.1
Project("{FAE04EC0-301F-11D3-BF4B-00C04F79EFBC}") = "EmpresaTint", "EmpresaTint\EmpresaTint.csproj", "{19F7FA02-9BFA-4E90-8B12-D2F0C07C9E38}"
EndProject
Global
	GlobalSection(SolutionConfigurationPlatforms) = preSolution
		Debug|Any CPU = Debug|Any CPU
		Release|Any CPU = Release|Any CPU
	EndGlobalSection
	GlobalSection(ProjectConfigurationPlatforms) = postSolution
		{19F7FA02-9BFA-4E90-8B12-D2F0C07C9E38}.Debug|Any CPU.ActiveCfg = Debug|Any CPU
		{19F7FA02-9BFA-4E90-8B12-D2F0C07C9E38}.Debug|Any CPU.Build.0 = Debug|Any CPU
		{19F7FA02-9BFA-4E90-8B12-D2F0C07C9E38}.Release|Any CPU.ActiveCfg = Release|Any CPU
		{19F7FA02-9BFA-4E90-8B12-D2F0C07C9E38}.Release|Any CPU.Build.0 = Release|Any CPU
	EndGlobalSection
	GlobalSection(SolutionProperties) = preSolution
		HideSolutionNode = FALSE
	EndGlobalSection
	GlobalSection(ExtensibilityGlobals) = postSolution
		SolutionGuid = {439BA852-B4E4-4CEC-A53F-E53878814A99}
	EndGlobalSection
EndGlobal
